
Microsoft Visual Studio Solution File, Format Version 12.00
# Visual Studio 15
VisualStudioVersion = 15.0.28307.1169
MinimumVisualStudioVersion = 10.0.40219.1
Project("{A0786B88-2ADB-4C21-ABE8-AA2D79766269}") = "firstApp", "firstApp\firstApp.phpproj", "{0012DC6B-3718-4D5B-ADFC-2F481517E3A4}"
EndProject
Global
	GlobalSection(SolutionConfigurationPlatforms) = preSolution
		Debug|Any CPU = Debug|Any CPU
		Release|Any CPU = Release|Any CPU
	EndGlobalSection
	GlobalSection(ProjectConfigurationPlatforms) = postSolution
		{0012DC6B-3718-4D5B-ADFC-2F481517E3A4}.Debug|Any CPU.ActiveCfg = Debug|Any CPU
		{0012DC6B-3718-4D5B-ADFC-2F481517E3A4}.Release|Any CPU.ActiveCfg = Release|Any CPU
	EndGlobalSection
	GlobalSection(SolutionProperties) = preSolution
		HideSolutionNode = FALSE
	EndGlobalSection
	GlobalSection(ExtensibilityGlobals) = postSolution
		SolutionGuid = {9405AC27-2B6F-418F-B776-71B41F0234D4}
	EndGlobalSection
EndGlobal
